
Microsoft Visual Studio Solution File, Format Version 12.00
# Visual Studio Version 17
VisualStudioVersion = 17.13.35919.96 d17.13
MinimumVisualStudioVersion = 10.0.40219.1
Project("{FAE04EC0-301F-11D3-BF4B-00C04F79EFBC}") = "Y9_Q5Finals_Csharp", "Y9_Q5Finals_Csharp\Y9_Q5Finals_Csharp.csproj", "{E68318D5-B9A7-4585-A8C7-B6174B084BD0}"
EndProject
Global
	GlobalSection(SolutionConfigurationPlatforms) = preSolution
		Debug|Any CPU = Debug|Any CPU
		Release|Any CPU = Release|Any CPU
	EndGlobalSection
	GlobalSection(ProjectConfigurationPlatforms) = postSolution
		{E68318D5-B9A7-4585-A8C7-B6174B084BD0}.Debug|Any CPU.ActiveCfg = Debug|Any CPU
		{E68318D5-B9A7-4585-A8C7-B6174B084BD0}.Debug|Any CPU.Build.0 = Debug|Any CPU
		{E68318D5-B9A7-4585-A8C7-B6174B084BD0}.Release|Any CPU.ActiveCfg = Release|Any CPU
		{E68318D5-B9A7-4585-A8C7-B6174B084BD0}.Release|Any CPU.Build.0 = Release|Any CPU
	EndGlobalSection
	GlobalSection(SolutionProperties) = preSolution
		HideSolutionNode = FALSE
	EndGlobalSection
	GlobalSection(ExtensibilityGlobals) = postSolution
		SolutionGuid = {C7A5AE96-706D-4440-A9D3-967409B49F23}
	EndGlobalSection
EndGlobal
